
Microsoft Visual Studio Solution File, Format Version 12.00
# Visual Studio 15
VisualStudioVersion = 15.0.27428.2037
MinimumVisualStudioVersion = 10.0.40219.1
Project("{FAE04EC0-301F-11D3-BF4B-00C04F79EFBC}") = "Connect4Bot", "Connect4Bot\Connect4Bot.csproj", "{06253030-9BFA-4F01-9F54-E172E80DC970}"
EndProject
Global
	GlobalSection(SolutionConfigurationPlatforms) = preSolution
		Debug|Any CPU = Debug|Any CPU
		Release|Any CPU = Release|Any CPU
	EndGlobalSection
	GlobalSection(ProjectConfigurationPlatforms) = postSolution
		{06253030-9BFA-4F01-9F54-E172E80DC970}.Debug|Any CPU.ActiveCfg = Debug|Any CPU
		{06253030-9BFA-4F01-9F54-E172E80DC970}.Debug|Any CPU.Build.0 = Debug|Any CPU
		{06253030-9BFA-4F01-9F54-E172E80DC970}.Release|Any CPU.ActiveCfg = Release|Any CPU
		{06253030-9BFA-4F01-9F54-E172E80DC970}.Release|Any CPU.Build.0 = Release|Any CPU
	EndGlobalSection
	GlobalSection(SolutionProperties) = preSolution
		HideSolutionNode = FALSE
	EndGlobalSection
	GlobalSection(ExtensibilityGlobals) = postSolution
		SolutionGuid = {F78DD2F1-B466-4A69-9BFD-DC3BC81C374B}
	EndGlobalSection
EndGlobal
